<?xml version="1.0" encoding="utf-8"?>
<Project ToolsVersion="4.0" xmlns="http://schemas.microsoft.com/developer/msbuild/2003">
  <ItemGroup>
    <Filter Include="Source Files">
      <UniqueIdentifier>{4FC737F1-C7A5-4376-A066-2A32D752A2FF}</UniqueIdentifier>
      <Extensions>cpp;c;cc;cxx;def;odl;idl;hpj;bat;asm;asmx</Extensions>
    </Filter>
    <Filter Include="Header Files">
      <UniqueIdentifier>{93995380-89BD-4b04-88EB-625FBE52EBFB}</UniqueIdentifier>
      <Extensions>h;hh;hpp;hxx;hm;inl;inc;xsd</Extensions>
    </Filter>
    <Filter Include="Resource Files">
      <UniqueIdentifier>{67DA6AB6-F800-4c08-8B7A-83BB121AAD01}</UniqueIdentifier>
      <Extensions>rc;ico;cur;bmp;dlg;rc2;rct;bin;rgs;gif;jpg;jpeg;jpe;resx;tiff;tif;png;wav;mfcribbon-ms</Extensions>
    </Filter>
    <Filter Include="Assets">
      <UniqueIdentifier>{343238f7-93b2-4a6f-b6b8-979cedd8d028}</UniqueIdentifier>
    </Filter>
  </ItemGroup>
  <ItemGroup>
    <Text Include="ReadMe.txt" />
  </ItemGroup>
  <ItemGroup>
    <ClInclude Include="stdafx.h">
      <Filter>Header Files</Filter>
    </ClInclude>
    <ClInclude Include="targetver.h">
      <Filter>Header Files</Filter>
    </ClInclude>
    <ClInclude Include="Resource.h">
      <Filter>Header Files</Filter>
    </ClInclude>
    <ClInclude Include="RTA.Project.h">
      <Filter>Header Files</Filter>
    </ClInclude>
    <ClInclude Include="DxInstance.h">
      <Filter>Header Files</Filter>
    </ClInclude>
    <ClInclude Include="XTime.h">
      <Filter>Header Files</Filter>
    </ClInclude>
    <ClInclude Include="DXIStructures.h">
      <Filter>Header Files</Filter>
    </ClInclude>
    <ClInclude Include="DxObject.h">
      <Filter>Header Files</Filter>
    </ClInclude>
    <ClInclude Include="DirectXHelper.h">
      <Filter>Header Files</Filter>
    </ClInclude>
    <ClInclude Include="DDSTextureLoader.h">
      <Filter>Header Files</Filter>
    </ClInclude>
  </ItemGroup>
  <ItemGroup>
    <ClCompile Include="stdafx.cpp">
      <Filter>Source Files</Filter>
    </ClCompile>
    <ClCompile Include="RTA.Project.cpp">
      <Filter>Source Files</Filter>
    </ClCompile>
    <ClCompile Include="DxInstance.cpp">
      <Filter>Source Files</Filter>
    </ClCompile>
    <ClCompile Include="XTime.cpp">
      <Filter>Source Files</Filter>
    </ClCompile>
    <ClCompile Include="DxObject.cpp">
      <Filter>Source Files</Filter>
    </ClCompile>
    <ClCompile Include="DDSTextureLoader.cpp">
      <Filter>Source Files</Filter>
    </ClCompile>
  </ItemGroup>
  <ItemGroup>
    <ResourceCompile Include="RTA.Project.rc">
      <Filter>Resource Files</Filter>
    </ResourceCompile>
  </ItemGroup>
  <ItemGroup>
    <Image Include="small.ico">
      <Filter>Resource Files</Filter>
    </Image>
    <Image Include="RTA.Project.ico">
      <Filter>Resource Files</Filter>
    </Image>
  </ItemGroup>
  <ItemGroup>
    <FxCompile Include="Trivial_PS.hlsl" />
    <FxCompile Include="Trivial_VS.hlsl" />
    <FxCompile Include="SamplePixelShader.hlsl" />
    <FxCompile Include="SampleVertexShader.hlsl" />
  </ItemGroup>
  <ItemGroup>
    <None Include="Teddy_Attack1.fbx">
      <Filter>Assets</Filter>
    </None>
    <None Include="Teddy_Attack2.fbx">
      <Filter>Assets</Filter>
    </None>
    <None Include="Teddy_Idle.fbx">
      <Filter>Assets</Filter>
    </None>
    <None Include="Teddy_Run.fbx">
      <Filter>Assets</Filter>
    </None>
    <None Include="Death.fbx">
      <Filter>Assets</Filter>
    </None>
    <None Include="Idle.fbx">
      <Filter>Assets</Filter>
    </None>
    <None Include="Run.fbx">
      <Filter>Assets</Filter>
    </None>
    <None Include="Walk.fbx">
      <Filter>Assets</Filter>
    </None>
    <None Include="Battle Mage with Rig and textures.fbx">
      <Filter>Assets</Filter>
    </None>
  </ItemGroup>
</Project>